
Microsoft Visual Studio Solution File, Format Version 12.00
# Visual Studio Version 16
VisualStudioVersion = 16.0.30907.101
MinimumVisualStudioVersion = 10.0.40219.1
Project("{FAE04EC0-301F-11D3-BF4B-00C04F79EFBC}") = "Final_Calderon_Naranjo_Munoz", "Final_Calderon_Naranjo_Munoz\Final_Calderon_Naranjo_Munoz.csproj", "{9320A09F-0EFB-4DF1-840C-B570213CA4A0}"
EndProject
Global
	GlobalSection(SolutionConfigurationPlatforms) = preSolution
		Debug|Any CPU = Debug|Any CPU
		Release|Any CPU = Release|Any CPU
	EndGlobalSection
	GlobalSection(ProjectConfigurationPlatforms) = postSolution
		{9320A09F-0EFB-4DF1-840C-B570213CA4A0}.Debug|Any CPU.ActiveCfg = Debug|Any CPU
		{9320A09F-0EFB-4DF1-840C-B570213CA4A0}.Debug|Any CPU.Build.0 = Debug|Any CPU
		{9320A09F-0EFB-4DF1-840C-B570213CA4A0}.Release|Any CPU.ActiveCfg = Release|Any CPU
		{9320A09F-0EFB-4DF1-840C-B570213CA4A0}.Release|Any CPU.Build.0 = Release|Any CPU
	EndGlobalSection
	GlobalSection(SolutionProperties) = preSolution
		HideSolutionNode = FALSE
	EndGlobalSection
	GlobalSection(ExtensibilityGlobals) = postSolution
		SolutionGuid = {BC8D069C-F487-4BF8-9A9C-6E9CB73D3F95}
	EndGlobalSection
EndGlobal
